Microsoft Visual Studio Solution File, Format Version 12.00
# Visual Studio Version 17
VisualStudioVersion = 17.0.31903.59
MinimumVisualStudioVersion = 10.0.40219.1
Project("{FAE04EC0-301F-11D3-BF4B-00C04F79EFBC}") = "DungeonFortress.Simulation", "src\DungeonFortress.Simulation\DungeonFortress.Simulation.csproj", "{E9B75163-FD0A-47E8-836A-C3E765BC8766}"
EndProject
Project("{FAE04EC0-301F-11D3-BF4B-00C04F79EFBC}") = "DungeonFortress.Presentation", "src\DungeonFortress.Presentation\DungeonFortress.Presentation.csproj", "{544C8210-C9A0-4D27-8660-850579CD3C8F}"
EndProject
Project("{FAE04EC0-301F-11D3-BF4B-00C04F79EFBC}") = "DungeonFortress.Game", "src\DungeonFortress.Game\DungeonFortress.Game.csproj", "{C130360D-5215-45A4-9343-6194F7D65E4D}"
EndProject
Project("{FAE04EC0-301F-11D3-BF4B-00C04F79EFBC}") = "DungeonFortress.Simulation.Tests", "tests\DungeonFortress.Simulation.Tests\DungeonFortress.Simulation.Tests.csproj", "{D9EE7962-CF6E-4278-A01D-02FA57899D0B}"
EndProject
Project("{FAE04EC0-301F-11D3-BF4B-00C04F79EFBC}") = "DungeonFortress.Presentation.Tests", "tests\DungeonFortress.Presentation.Tests\DungeonFortress.Presentation.Tests.csproj", "{DFB52D85-1836-4779-BA2E-D08E271B41FF}"
EndProject
Project("{FAE04EC0-301F-11D3-BF4B-00C04F79EFBC}") = "DungeonFortress.Scenarios", "tests\DungeonFortress.Scenarios\DungeonFortress.Scenarios.csproj", "{85494589-E860-4380-8A27-9394A31BD3A3}"
EndProject
Project("{FAE04EC0-301F-11D3-BF4B-00C04F79EFBC}") = "DungeonFortress.DomainMcp", "tools\DungeonFortress.DomainMcp\DungeonFortress.DomainMcp.csproj", "{A4AC4157-06A3-4FA4-9F9A-CC41959B22DC}"
EndProject
Project("{FAE04EC0-301F-11D3-BF4B-00C04F79EFBC}") = "DungeonFortress.DomainMcp.Tests", "tests\DungeonFortress.DomainMcp.Tests\DungeonFortress.DomainMcp.Tests.csproj", "{01E9E62D-B528-474C-814A-C1FA693BBF00}"
EndProject
Global
	GlobalSection(SolutionConfigurationPlatforms) = preSolution
		Debug|Any CPU = Debug|Any CPU
		Release|Any CPU = Release|Any CPU
	EndGlobalSection
	GlobalSection(ProjectConfigurationPlatforms) = postSolution
		{E9B75163-FD0A-47E8-836A-C3E765BC8766}.Debug|Any CPU.ActiveCfg = Debug|Any CPU
		{E9B75163-FD0A-47E8-836A-C3E765BC8766}.Debug|Any CPU.Build.0 = Debug|Any CPU
		{E9B75163-FD0A-47E8-836A-C3E765BC8766}.Release|Any CPU.ActiveCfg = Release|Any CPU
		{E9B75163-FD0A-47E8-836A-C3E765BC8766}.Release|Any CPU.Build.0 = Release|Any CPU
		{544C8210-C9A0-4D27-8660-850579CD3C8F}.Debug|Any CPU.ActiveCfg = Debug|Any CPU
		{544C8210-C9A0-4D27-8660-850579CD3C8F}.Debug|Any CPU.Build.0 = Debug|Any CPU
		{544C8210-C9A0-4D27-8660-850579CD3C8F}.Release|Any CPU.ActiveCfg = Release|Any CPU
		{544C8210-C9A0-4D27-8660-850579CD3C8F}.Release|Any CPU.Build.0 = Release|Any CPU
		{C130360D-5215-45A4-9343-6194F7D65E4D}.Debug|Any CPU.ActiveCfg = Debug|Any CPU
		{C130360D-5215-45A4-9343-6194F7D65E4D}.Debug|Any CPU.Build.0 = Debug|Any CPU
		{C130360D-5215-45A4-9343-6194F7D65E4D}.Release|Any CPU.ActiveCfg = Release|Any CPU
		{C130360D-5215-45A4-9343-6194F7D65E4D}.Release|Any CPU.Build.0 = Release|Any CPU
		{D9EE7962-CF6E-4278-A01D-02FA57899D0B}.Debug|Any CPU.ActiveCfg = Debug|Any CPU
		{D9EE7962-CF6E-4278-A01D-02FA57899D0B}.Debug|Any CPU.Build.0 = Debug|Any CPU
		{D9EE7962-CF6E-4278-A01D-02FA57899D0B}.Release|Any CPU.ActiveCfg = Release|Any CPU
		{D9EE7962-CF6E-4278-A01D-02FA57899D0B}.Release|Any CPU.Build.0 = Release|Any CPU
		{DFB52D85-1836-4779-BA2E-D08E271B41FF}.Debug|Any CPU.ActiveCfg = Debug|Any CPU
		{DFB52D85-1836-4779-BA2E-D08E271B41FF}.Debug|Any CPU.Build.0 = Debug|Any CPU
		{DFB52D85-1836-4779-BA2E-D08E271B41FF}.Release|Any CPU.ActiveCfg = Release|Any CPU
		{DFB52D85-1836-4779-BA2E-D08E271B41FF}.Release|Any CPU.Build.0 = Release|Any CPU
		{85494589-E860-4380-8A27-9394A31BD3A3}.Debug|Any CPU.ActiveCfg = Debug|Any CPU
		{85494589-E860-4380-8A27-9394A31BD3A3}.Debug|Any CPU.Build.0 = Debug|Any CPU
		{85494589-E860-4380-8A27-9394A31BD3A3}.Release|Any CPU.ActiveCfg = Release|Any CPU
		{85494589-E860-4380-8A27-9394A31BD3A3}.Release|Any CPU.Build.0 = Release|Any CPU
		{A4AC4157-06A3-4FA4-9F9A-CC41959B22DC}.Debug|Any CPU.ActiveCfg = Debug|Any CPU
		{A4AC4157-06A3-4FA4-9F9A-CC41959B22DC}.Debug|Any CPU.Build.0 = Debug|Any CPU
		{A4AC4157-06A3-4FA4-9F9A-CC41959B22DC}.Release|Any CPU.ActiveCfg = Release|Any CPU
		{A4AC4157-06A3-4FA4-9F9A-CC41959B22DC}.Release|Any CPU.Build.0 = Release|Any CPU
		{01E9E62D-B528-474C-814A-C1FA693BBF00}.Debug|Any CPU.ActiveCfg = Debug|Any CPU
		{01E9E62D-B528-474C-814A-C1FA693BBF00}.Debug|Any CPU.Build.0 = Debug|Any CPU
		{01E9E62D-B528-474C-814A-C1FA693BBF00}.Release|Any CPU.ActiveCfg = Release|Any CPU
		{01E9E62D-B528-474C-814A-C1FA693BBF00}.Release|Any CPU.Build.0 = Release|Any CPU
	EndGlobalSection
EndGlobal
